
Microsoft Visual Studio Solution File, Format Version 12.00
# Visual Studio Version 17
VisualStudioVersion = 17.8.34316.72
MinimumVisualStudioVersion = 10.0.40219.1
Project("{FAE04EC0-301F-11D3-BF4B-00C04F79EFBC}") = "ProjetoAulas", "ProjetoAulas.csproj", "{FB8C141A-4D77-43ED-98D8-2CE619E1F926}"
EndProject
Global
	GlobalSection(SolutionConfigurationPlatforms) = preSolution
		Debug|Any CPU = Debug|Any CPU
		Release|Any CPU = Release|Any CPU
	EndGlobalSection
	GlobalSection(ProjectConfigurationPlatforms) = postSolution
		{FB8C141A-4D77-43ED-98D8-2CE619E1F926}.Debug|Any CPU.ActiveCfg = Debug|Any CPU
		{FB8C141A-4D77-43ED-98D8-2CE619E1F926}.Debug|Any CPU.Build.0 = Debug|Any CPU
		{FB8C141A-4D77-43ED-98D8-2CE619E1F926}.Release|Any CPU.ActiveCfg = Release|Any CPU
		{FB8C141A-4D77-43ED-98D8-2CE619E1F926}.Release|Any CPU.Build.0 = Release|Any CPU
	EndGlobalSection
	GlobalSection(SolutionProperties) = preSolution
		HideSolutionNode = FALSE
	EndGlobalSection
	GlobalSection(ExtensibilityGlobals) = postSolution
		SolutionGuid = {944A02E4-607D-45C9-82AE-07FC2BA7A740}
	EndGlobalSection
EndGlobal
